// !$*UTF8*$!
{
	archiveVersion = 1;
	classes = {
	};
	objectVersion = 50;
	objects = {

/* Begin PBXBuildFile section */
		00398C87224226F100BB9D20 /* AppDelegate.m in Sources */ = {isa = PBXBuildFile; fileRef = 00398C86224226F100BB9D20 /* AppDelegate.m */; };
		00398C8A224226F100BB9D20 /* ViewController.m in Sources */ = {isa = PBXBuildFile; fileRef = 00398C89224226F100BB9D20 /* ViewController.m */; };
		00398C8D224226F100BB9D20 /* Main.storyboard in Resources */ = {isa = PBXBuildFile; fileRef = 00398C8B224226F100BB9D20 /* Main.storyboard */; };
		00398C90224226F100BB9D20 /* XBAsyncStackTraceExample.xcdatamodeld in Sources */ = {isa = PBXBuildFile; fileRef = 00398C8E224226F100BB9D20 /* XBAsyncStackTraceExample.xcdatamodeld */; };
		00398C92224226F300BB9D20 /* Assets.xcassets in Resources */ = {isa = PBXBuildFile; fileRef = 00398C91224226F300BB9D20 /* Assets.xcassets */; };
		00398C95224226F300BB9D20 /* LaunchScreen.storyboard in Resources */ = {isa = PBXBuildFile; fileRef = 00398C93224226F300BB9D20 /* LaunchScreen.storyboard */; };
		00398C98224226F300BB9D20 /* main.m in Sources */ = {isa = PBXBuildFile; fileRef = 00398C97224226F300BB9D20 /* main.m */; };
		19FC0EE38206FA3ACCF25FC3 /* Pods_XBAsyncStackTraceExample.framework in Frameworks */ = {isa = PBXBuildFile; fileRef = 11671717106D200C5E26BCE1 /* Pods_XBAsyncStackTraceExample.framework */; };
/* End PBXBuildFile section */

/* Begin PBXFileReference section */
		00398C82224226F100BB9D20 /* XBAsyncStackTraceExample.app */ = {isa = PBXFileReference; explicitFileType = wrapper.application; includeInIndex = 0; path = XBAsyncStackTraceExample.app; sourceTree = BUILT_PRODUCTS_DIR; };
		00398C85224226F100BB9D20 /* AppDelegate.h */ = {isa = PBXFileReference; lastKnownFileType = sourcecode.c.h; path = AppDelegate.h; sourceTree = "<group>"; };
		00398C86224226F100BB9D20 /* AppDelegate.m */ = {isa = PBXFileReference; lastKnownFileType = sourcecode.c.objc; path = AppDelegate.m; sourceTree = "<group>"; };
		00398C88224226F100BB9D20 /* ViewController.h */ = {isa = PBXFileReference; lastKnownFileType = sourcecode.c.h; path = ViewController.h; sourceTree = "<group>"; };
		00398C89224226F100BB9D20 /* ViewController.m */ = {isa = PBXFileReference; lastKnownFileType = sourcecode.c.objc; path = ViewController.m; sourceTree = "<group>"; };
		00398C8C224226F100BB9D20 /* Base */ = {isa = PBXFileReference; lastKnownFileType = file.storyboard; name = Base; path = Base.lproj/Main.storyboard; sourceTree = "<group>"; };
		00398C8F224226F100BB9D20 /* XBAsyncStackTraceExample.xcdatamodel */ = {isa = PBXFileReference; lastKnownFileType = wrapper.xcdatamodel; path = XBAsyncStackTraceExample.xcdatamodel; sourceTree = "<group>"; };
		00398C91224226F300BB9D20 /* Assets.xcassets */ = {isa = PBXFileReference; lastKnownFileType = folder.assetcatalog; path = Assets.xcassets; sourceTree = "<group>"; };
		00398C94224226F300BB9D20 /* Base */ = {isa = PBXFileReference; lastKnownFileType = file.storyboard; name = Base; path = Base.lproj/LaunchScreen.storyboard; sourceTree = "<group>"; };
		00398C96224226F300BB9D20 /* Info.plist */ = {isa = PBXFileReference; lastKnownFileType = text.plist.xml; path = Info.plist; sourceTree = "<group>"; };
		00398C97224226F300BB9D20 /* main.m */ = {isa = PBXFileReference; lastKnownFileType = sourcecode.c.objc; path = main.m; sourceTree = "<group>"; };
		11671717106D200C5E26BCE1 /* Pods_XBAsyncStackTraceExample.framework */ = {isa = PBXFileReference; explicitFileType = wrapper.framework; includeInIndex = 0; path = Pods_XBAsyncStackTraceExample.framework; sourceTree = BUILT_PRODUCTS_DIR; };
		55D18380D5C67F6AFDE853E1 /* Pods-XBAsyncStackTraceExample.release.xcconfig */ = {isa = PBXFileReference; includeInIndex = 1; lastKnownFileType = text.xcconfig; name = "Pods-XBAsyncStackTraceExample.release.xcconfig"; path = "Pods/Target Support Files/Pods-XBAsyncStackTraceExample/Pods-XBAsyncStackTraceExample.release.xcconfig"; sourceTree = "<group>"; };
		D5154F57CEDC4813D5810513 /* Pods-XBAsyncStackTraceExample.debug.xcconfig */ = {isa = PBXFileReference; includeInIndex = 1; lastKnownFileType = text.xcconfig; name = "Pods-XBAsyncStackTraceExample.debug.xcconfig"; path = "Pods/Target Support Files/Pods-XBAsyncStackTraceExample/Pods-XBAsyncStackTraceExample.debug.xcconfig"; sourceTree = "<group>"; };
/* End PBXFileReference section */

/* Begin PBXFrameworksBuildPhase section */
		00398C7F224226F100BB9D20 /* Frameworks */ = {
			isa = PBXFrameworksBuildPhase;
			buildActionMask = 2147483647;
			files = (
				19FC0EE38206FA3ACCF25FC3 /* Pods_XBAsyncStackTraceExample.framework in Frameworks */,
			);
			runOnlyForDeploymentPostprocessing = 0;
		};
/* End PBXFrameworksBuildPhase section */

/* Begin PBXGroup section */
		00398C79224226F100BB9D20 = {
			isa = PBXGroup;
			children = (
				00398C84224226F100BB9D20 /* XBAsyncStackTraceExample */,
				00398C83224226F100BB9D20 /* Products */,
				EAC1FFC0219E1DCDCDBD6571 /* Pods */,
				CF1160366EA455D20EAC8AB1 /* Frameworks */,
			);
			sourceTree = "<group>";
		};
		00398C83224226F100BB9D20 /* Products */ = {
			isa = PBXGroup;
			children = (
				00398C82224226F100BB9D20 /* XBAsyncStackTraceExample.app */,
			);
			name = Products;
			sourceTree = "<group>";
		};
		00398C84224226F100BB9D20 /* XBAsyncStackTraceExample */ = {
			isa = PBXGroup;
			children = (
				00398C85224226F100BB9D20 /* AppDelegate.h */,
				00398C86224226F100BB9D20 /* AppDelegate.m */,
				00398C88224226F100BB9D20 /* ViewController.h */,
				00398C89224226F100BB9D20 /* ViewController.m */,
				00398C8B224226F100BB9D20 /* Main.storyboard */,
				00398C91224226F300BB9D20 /* Assets.xcassets */,
				00398C93224226F300BB9D20 /* LaunchScreen.storyboard */,
				00398C96224226F300BB9D20 /* Info.plist */,
				00398C97224226F300BB9D20 /* main.m */,
				00398C8E224226F100BB9D20 /* XBAsyncStackTraceExample.xcdatamodeld */,
			);
			path = XBAsyncStackTraceExample;
			sourceTree = "<group>";
		};
		CF1160366EA455D20EAC8AB1 /* Frameworks */ = {
			isa = PBXGroup;
			children = (
				11671717106D200C5E26BCE1 /* Pods_XBAsyncStackTraceExample.framework */,
			);
			name = Frameworks;
			sourceTree = "<group>";
		};
		EAC1FFC0219E1DCDCDBD6571 /* Pods */ = {
			isa = PBXGroup;
			children = (
				D5154F57CEDC4813D5810513 /* Pods-XBAsyncStackTraceExample.debug.xcconfig */,
				55D18380D5C67F6AFDE853E1 /* Pods-XBAsyncStackTraceExample.release.xcconfig */,
			);
			name = Pods;
			sourceTree = "<group>";
		};
/* End PBXGroup section */

/* Begin PBXNativeTarget section */
		00398C81224226F100BB9D20 /* XBAsyncStackTraceExample */ = {
			isa = PBXNativeTarget;
			buildConfigurationList = 00398C9B224226F300BB9D20 /* Build configuration list for PBXNativeTarget "XBAsyncStackTraceExample" */;
			buildPhases = (
				56899404BDAFD3842585159F /* [CP] Check Pods Manifest.lock */,
				00398C7E224226F100BB9D20 /* Sources */,
				00398C7F224226F100BB9D20 /* Frameworks */,
				00398C80224226F100BB9D20 /* Resources */,
				6BB989085E3526051837E44E /* [CP] Embed Pods Frameworks */,
			);
			buildRules = (
			);
			dependencies = (
			);
			name = XBAsyncStackTraceExample;
			productName = XBAsyncStackTraceExample;
			productReference = 00398C82224226F100BB9D20 /* XBAsyncStackTraceExample.app */;
			productType = "com.apple.product-type.application";
		};
/* End PBXNativeTarget section */

/* Begin PBXProject section */
		00398C7A224226F100BB9D20 /* Project object */ = {
			isa = PBXProject;
			attributes = {
				LastUpgradeCheck = 1010;
				ORGANIZATIONNAME = xiaobochen;
				TargetAttributes = {
					00398C81224226F100BB9D20 = {
						CreatedOnToolsVersion = 10.1;
					};
				};
			};
			buildConfigurationList = 00398C7D224226F100BB9D20 /* Build configuration list for PBXProject "XBAsyncStackTraceExample" */;
			compatibilityVersion = "Xcode 9.3";
			developmentRegion = en;
			hasScannedForEncodings = 0;
			knownRegions = (
				en,
				Base,
			);
			mainGroup = 00398C79224226F100BB9D20;
			productRefGroup = 00398C83224226F100BB9D20 /* Products */;
			projectDirPath = "";
			projectRoot = "";
			targets = (
				00398C81224226F100BB9D20 /* XBAsyncStackTraceExample */,
			);
		};
/* End PBXProject section */

/* Begin PBXResourcesBuildPhase section */
		00398C80224226F100BB9D20 /* Resources */ = {
			isa = PBXResourcesBuildPhase;
			buildActionMask = 2147483647;
			files = (
				00398C95224226F300BB9D20 /* LaunchScreen.storyboard in Resources */,
				00398C92224226F300BB9D20 /* Assets.xcassets in Resources */,
				00398C8D224226F100BB9D20 /* Main.storyboard in Resources */,
			);
			runOnlyForDeploymentPostprocessing = 0;
		};
/* End PBXResourcesBuildPhase section */

/* Begin PBXShellScriptBuildPhase section */
		56899404BDAFD3842585159F /* [CP] Check Pods Manifest.lock */ = {
			isa = PBXShellScriptBuildPhase;
			buildActionMask = 2147483647;
			files = (
			);
			inputPaths = (
				"${PODS_PODFILE_DIR_PATH}/Podfile.lock",
				"${PODS_ROOT}/Manifest.lock",
			);
			name = "[CP] Check Pods Manifest.lock";
			outputPaths = (
				"$(DERIVED_FILE_DIR)/Pods-XBAsyncStackTraceExample-checkManifestLockResult.txt",
			);
			runOnlyForDeploymentPostprocessing = 0;
			shellPath = /bin/sh;
			shellScript = "diff \"${PODS_PODFILE_DIR_PATH}/Podfile.lock\" \"${PODS_ROOT}/Manifest.lock\" > /dev/null\nif [ $? != 0 ] ; then\n    # print error to STDERR\n    echo \"error: The sandbox is not in sync with the Podfile.lock. Run 'pod install' or update your CocoaPods installation.\" >&2\n    exit 1\nfi\n# This output is used by Xcode 'outputs' to avoid re-running this script phase.\necho \"SUCCESS\" > \"${SCRIPT_OUTPUT_FILE_0}\"\n";
			showEnvVarsInLog = 0;
		};
		6BB989085E3526051837E44E /* [CP] Embed Pods Frameworks */ = {
			isa = PBXShellScriptBuildPhase;
			buildActionMask = 2147483647;
			files = (
			);
			inputPaths = (
				"${SRCROOT}/Pods/Target Support Files/Pods-XBAsyncStackTraceExample/Pods-XBAsyncStackTraceExample-frameworks.sh",
				"${BUILT_PRODUCTS_DIR}/fishhook/fishhook.framework",
			);
			name = "[CP] Embed Pods Frameworks";
			outputPaths = (
				"${TARGET_BUILD_DIR}/${FRAMEWORKS_FOLDER_PATH}/fishhook.framework",
			);
			runOnlyForDeploymentPostprocessing = 0;
			shellPath = /bin/sh;
			shellScript = "\"${SRCROOT}/Pods/Target Support Files/Pods-XBAsyncStackTraceExample/Pods-XBAsyncStackTraceExample-frameworks.sh\"\n";
			showEnvVarsInLog = 0;
		};
/* End PBXShellScriptBuildPhase section */

/* Begin PBXSourcesBuildPhase section */
		00398C7E224226F100BB9D20 /* Sources */ = {
			isa = PBXSourcesBuildPhase;
			buildActionMask = 2147483647;
			files = (
				00398C8A224226F100BB9D20 /* ViewController.m in Sources */,
				00398C87224226F100BB9D20 /* AppDelegate.m in Sources */,
				00398C98224226F300BB9D20 /* main.m in Sources */,
				00398C90224226F100BB9D20 /* XBAsyncStackTraceExample.xcdatamodeld in Sources */,
			);
			runOnlyForDeploymentPostprocessing = 0;
		};
/* End PBXSourcesBuildPhase section */

/* Begin PBXVariantGroup section */
		00398C8B224226F100BB9D20 /* Main.storyboard */ = {
			isa = PBXVariantGroup;
			children = (
				00398C8C224226F100BB9D20 /* Base */,
			);
			name = Main.storyboard;
			sourceTree = "<group>";
		};
		00398C93224226F300BB9D20 /* LaunchScreen.storyboard */ = {
			isa = PBXVariantGroup;
			children = (
				00398C94224226F300BB9D20 /* Base */,
			);
			name = LaunchScreen.storyboard;
			sourceTree = "<group>";
		};
/* End PBXVariantGroup section */

/* Begin XCBuildConfiguration section */
		00398C99224226F300BB9D20 /* Debug */ = {
			isa = XCBuildConfiguration;
			buildSettings = {
				ALWAYS_SEARCH_USER_PATHS = NO;
				CLANG_ANALYZER_NONNULL = YES;
				CLANG_ANALYZER_NUMBER_OBJECT_CONVERSION = YES_AGGRESSIVE;
				CLANG_CXX_LANGUAGE_STANDARD = "gnu++14";
				CLANG_CXX_LIBRARY = "libc++";
				CLANG_ENABLE_MODULES = YES;
				CLANG_ENABLE_OBJC_ARC = YES;
				CLANG_ENABLE_OBJC_WEAK = YES;
				CLANG_WARN_BLOCK_CAPTURE_AUTORELEASING = YES;
				CLANG_WARN_BOOL_CONVERSION = YES;
				CLANG_WARN_COMMA = YES;
				CLANG_WARN_CONSTANT_CONVERSION = YES;
				CLANG_WARN_DEPRECATED_OBJC_IMPLEMENTATIONS = YES;
				CLANG_WARN_DIRECT_OBJC_ISA_USAGE = YES_ERROR;
				CLANG_WARN_DOCUMENTATION_COMMENTS = YES;
				CLANG_WARN_EMPTY_BODY = YES;
				CLANG_WARN_ENUM_CONVERSION = YES;
				CLANG_WARN_INFINITE_RECURSION = YES;
				CLANG_WARN_INT_CONVERSION = YES;
				CLANG_WARN_NON_LITERAL_NULL_CONVERSION = YES;
				CLANG_WARN_OBJC_IMPLICIT_RETAIN_SELF = YES;
				CLANG_WARN_OBJC_LITERAL_CONVERSION = YES;
				CLANG_WARN_OBJC_ROOT_CLASS = YES_ERROR;
				CLANG_WARN_RANGE_LOOP_ANALYSIS = YES;
				CLANG_WARN_STRICT_PROTOTYPES = YES;
				CLANG_WARN_SUSPICIOUS_MOVE = YES;
				CLANG_WARN_UNGUARDED_AVAILABILITY = YES_AGGRESSIVE;
				CLANG_WARN_UNREACHABLE_CODE = YES;
				CLANG_WARN__DUPLICATE_METHOD_MATCH = YES;
				CODE_SIGN_IDENTITY = "iPhone Developer";
				COPY_PHASE_STRIP = NO;
				DEBUG_INFORMATION_FORMAT = dwarf;
				ENABLE_STRICT_OBJC_MSGSEND = YES;
				ENABLE_TESTABILITY = YES;
				GCC_C_LANGUAGE_STANDARD = gnu11;
				GCC_DYNAMIC_NO_PIC = NO;
				GCC_NO_COMMON_BLOCKS = YES;
				GCC_OPTIMIZATION_LEVEL = 0;
				GCC_PREPROCESSOR_DEFINITIONS = (
					"DEBUG=1",
					"$(inherited)",
				);
				GCC_WARN_64_TO_32_BIT_CONVERSION = YES;
				GCC_WARN_ABOUT_RETURN_TYPE = YES_ERROR;
				GCC_WARN_UNDECLARED_SELECTOR = YES;
				GCC_WARN_UNINITIALIZED_AUTOS = YES_AGGRESSIVE;
				GCC_WARN_UNUSED_FUNCTION = YES;
				GCC_WARN_UNUSED_VARIABLE = YES;
				IPHONEOS_DEPLOYMENT_TARGET = 12.1;
				MTL_ENABLE_DEBUG_INFO = INCLUDE_SOURCE;
				MTL_FAST_MATH = YES;
				ONLY_ACTIVE_ARCH = YES;
				SDKROOT = iphoneos;
			};
			name = Debug;
		};
		00398C9A224226F300BB9D20 /* Release */ = {
			isa = XCBuildConfiguration;
			buildSettings = {
				ALWAYS_SEARCH_USER_PATHS = NO;
				CLANG_ANALYZER_NONNULL = YES;
				CLANG_ANALYZER_NUMBER_OBJECT_CONVERSION = YES_AGGRESSIVE;
				CLANG_CXX_LANGUAGE_STANDARD = "gnu++14";
				CLANG_CXX_LIBRARY = "libc++";
				CLANG_ENABLE_MODULES = YES;
				CLANG_ENABLE_OBJC_ARC = YES;
				CLANG_ENABLE_OBJC_WEAK = YES;
				CLANG_WARN_BLOCK_CAPTURE_AUTORELEASING = YES;
				CLANG_WARN_BOOL_CONVERSION = YES;
				CLANG_WARN_COMMA = YES;
				CLANG_WARN_CONSTANT_CONVERSION = YES;
				CLANG_WARN_DEPRECATED_OBJC_IMPLEMENTATIONS = YES;
				CLANG_WARN_DIRECT_OBJC_ISA_USAGE = YES_ERROR;
				CLANG_WARN_DOCUMENTATION_COMMENTS = YES;
				CLANG_WARN_EMPTY_BODY = YES;
				CLANG_WARN_ENUM_CONVERSION = YES;
				CLANG_WARN_INFINITE_RECURSION = YES;
				CLANG_WARN_INT_CONVERSION = YES;
				CLANG_WARN_NON_LITERAL_NULL_CONVERSION = YES;
				CLANG_WARN_OBJC_IMPLICIT_RETAIN_SELF = YES;
				CLANG_WARN_OBJC_LITERAL_CONVERSION = YES;
				CLANG_WARN_OBJC_ROOT_CLASS = YES_ERROR;
				CLANG_WARN_RANGE_LOOP_ANALYSIS = YES;
				CLANG_WARN_STRICT_PROTOTYPES = YES;
				CLANG_WARN_SUSPICIOUS_MOVE = YES;
				CLANG_WARN_UNGUARDED_AVAILABILITY = YES_AGGRESSIVE;
				CLANG_WARN_UNREACHABLE_CODE = YES;
				CLANG_WARN__DUPLICATE_METHOD_MATCH = YES;
				CODE_SIGN_IDENTITY = "iPhone Developer";
				COPY_PHASE_STRIP = NO;
				DEBUG_INFORMATION_FORMAT = "dwarf-with-dsym";
				ENABLE_NS_ASSERTIONS = NO;
				ENABLE_STRICT_OBJC_MSGSEND = YES;
				GCC_C_LANGUAGE_STANDARD = gnu11;
				GCC_NO_COMMON_BLOCKS = YES;
				GCC_WARN_64_TO_32_BIT_CONVERSION = YES;
				GCC_WARN_ABOUT_RETURN_TYPE = YES_ERROR;
				GCC_WARN_UNDECLARED_SELECTOR = YES;
				GCC_WARN_UNINITIALIZED_AUTOS = YES_AGGRESSIVE;
				GCC_WARN_UNUSED_FUNCTION = YES;
				GCC_WARN_UNUSED_VARIABLE = YES;
				IPHONEOS_DEPLOYMENT_TARGET = 12.1;
				MTL_ENABLE_DEBUG_INFO = NO;
				MTL_FAST_MATH = YES;
				SDKROOT = iphoneos;
				VALIDATE_PRODUCT = YES;
			};
			name = Release;
		};
		00398C9C224226F300BB9D20 /* Debug */ = {
			isa = XCBuildConfiguration;
			baseConfigurationReference = D5154F57CEDC4813D5810513 /* Pods-XBAsyncStackTraceExample.debug.xcconfig */;
			buildSettings = {
				ASSETCATALOG_COMPILER_APPICON_NAME = AppIcon;
				CODE_SIGN_STYLE = Automatic;
				GCC_OPTIMIZATION_LEVEL = 1;
				INFOPLIST_FILE = XBAsyncStackTraceExample/Info.plist;
				LD_RUNPATH_SEARCH_PATHS = (
					"$(inherited)",
					"@executable_path/Frameworks",
				);
				PRODUCT_BUNDLE_IDENTIFIER = bobo.XBAsyncStackTraceExample;
				PRODUCT_NAME = "$(TARGET_NAME)";
				TARGETED_DEVICE_FAMILY = "1,2";
			};
			name = Debug;
		};
		00398C9D224226F300BB9D20 /* Release */ = {
			isa = XCBuildConfiguration;
			baseConfigurationReference = 55D18380D5C67F6AFDE853E1 /* Pods-XBAsyncStackTraceExample.release.xcconfig */;
			buildSettings = {
				ASSETCATALOG_COMPILER_APPICON_NAME = AppIcon;
				CODE_SIGN_STYLE = Automatic;
				INFOPLIST_FILE = XBAsyncStackTraceExample/Info.plist;
				LD_RUNPATH_SEARCH_PATHS = (
					"$(inherited)",
					"@executable_path/Frameworks",
				);
				PRODUCT_BUNDLE_IDENTIFIER = bobo.XBAsyncStackTraceExample;
				PRODUCT_NAME = "$(TARGET_NAME)";
				TARGETED_DEVICE_FAMILY = "1,2";
			};
			name = Release;
		};
/* End XCBuildConfiguration section */

/* Begin XCConfigurationList section */
		00398C7D224226F100BB9D20 /* Build configuration list for PBXProject "XBAsyncStackTraceExample" */ = {
			isa = XCConfigurationList;
			buildConfigurations = (
				00398C99224226F300BB9D20 /* Debug */,
				00398C9A224226F300BB9D20 /* Release */,
			);
			defaultConfigurationIsVisible = 0;
			defaultConfigurationName = Release;
		};
		00398C9B224226F300BB9D20 /* Build configuration list for PBXNativeTarget "XBAsyncStackTraceExample" */ = {
			isa = XCConfigurationList;
			buildConfigurations = (
				00398C9C224226F300BB9D20 /* Debug */,
				00398C9D224226F300BB9D20 /* Release */,
			);
			defaultConfigurationIsVisible = 0;
			defaultConfigurationName = Release;
		};
/* End XCConfigurationList section */

/* Begin XCVersionGroup section */
		00398C8E224226F100BB9D20 /* XBAsyncStackTraceExample.xcdatamodeld */ = {
			isa = XCVersionGroup;
			children = (
				00398C8F224226F100BB9D20 /* XBAsyncStackTraceExample.xcdatamodel */,
			);
			currentVersion = 00398C8F224226F100BB9D20 /* XBAsyncStackTraceExample.xcdatamodel */;
			path = XBAsyncStackTraceExample.xcdatamodeld;
			sourceTree = "<group>";
			versionGroupType = wrapper.xcdatamodel;
		};
/* End XCVersionGroup section */
	};
	rootObject = 00398C7A224226F100BB9D20 /* Project object */;
}
